
Microsoft Visual Studio Solution File, Format Version 12.00
# Visual Studio 15
VisualStudioVersion = 15.0.28010.2048
MinimumVisualStudioVersion = 10.0.40219.1
Project("{888888A0-9F3D-457C-B088-3A5042F75D52}") = "bayes", "bayes\bayes.pyproj", "{E6EB4D2E-6A18-4D07-B341-D35B43F843AB}"
EndProject
Global
	GlobalSection(SolutionConfigurationPlatforms) = preSolution
		Debug|Any CPU = Debug|Any CPU
		Release|Any CPU = Release|Any CPU
	EndGlobalSection
	GlobalSection(ProjectConfigurationPlatforms) = postSolution
		{E6EB4D2E-6A18-4D07-B341-D35B43F843AB}.Debug|Any CPU.ActiveCfg = Debug|Any CPU
		{E6EB4D2E-6A18-4D07-B341-D35B43F843AB}.Release|Any CPU.ActiveCfg = Release|Any CPU
	EndGlobalSection
	GlobalSection(SolutionProperties) = preSolution
		HideSolutionNode = FALSE
	EndGlobalSection
	GlobalSection(ExtensibilityGlobals) = postSolution
		SolutionGuid = {9AF07A5E-D815-4D90-8CF0-18975BFE8B71}
	EndGlobalSection
EndGlobal
